
Microsoft Visual Studio Solution File, Format Version 12.00
# Visual Studio Version 16
VisualStudioVersion = 16.0.29806.167
MinimumVisualStudioVersion = 10.0.40219.1
Project("{FAE04EC0-301F-11D3-BF4B-00C04F79EFBC}") = "OneCasa", "WebApplication1\OneCasa.csproj", "{B511A903-B303-4E7D-B9C3-8D8967B0D2FD}"
EndProject
Project("{FAE04EC0-301F-11D3-BF4B-00C04F79EFBC}") = "OneCasa.BusinessAccess", "OneCasa.BusinessAccess\OneCasa.BusinessAccess.csproj", "{6B89F9AE-DF43-44EB-8AED-927E3E674D08}"
EndProject
Project("{FAE04EC0-301F-11D3-BF4B-00C04F79EFBC}") = "OneCasa.DataAccess", "OneCasa.DataAccess\OneCasa.DataAccess.csproj", "{F701D5C4-45DE-47F7-BCB1-BF2217614EFD}"
EndProject
Project("{FAE04EC0-301F-11D3-BF4B-00C04F79EFBC}") = "OneCasa.Models", "OneCasa.Models\OneCasa.Models.csproj", "{EEE08AEC-5BB2-45C6-A45C-F15C1712E054}"
EndProject
Global
	GlobalSection(SolutionConfigurationPlatforms) = preSolution
		Debug|Any CPU = Debug|Any CPU
		Release|Any CPU = Release|Any CPU
	EndGlobalSection
	GlobalSection(ProjectConfigurationPlatforms) = postSolution
		{B511A903-B303-4E7D-B9C3-8D8967B0D2FD}.Debug|Any CPU.ActiveCfg = Debug|Any CPU
		{B511A903-B303-4E7D-B9C3-8D8967B0D2FD}.Debug|Any CPU.Build.0 = Debug|Any CPU
		{B511A903-B303-4E7D-B9C3-8D8967B0D2FD}.Release|Any CPU.ActiveCfg = Release|Any CPU
		{B511A903-B303-4E7D-B9C3-8D8967B0D2FD}.Release|Any CPU.Build.0 = Release|Any CPU
		{6B89F9AE-DF43-44EB-8AED-927E3E674D08}.Debug|Any CPU.ActiveCfg = Debug|Any CPU
		{6B89F9AE-DF43-44EB-8AED-927E3E674D08}.Debug|Any CPU.Build.0 = Debug|Any CPU
		{6B89F9AE-DF43-44EB-8AED-927E3E674D08}.Release|Any CPU.ActiveCfg = Release|Any CPU
		{6B89F9AE-DF43-44EB-8AED-927E3E674D08}.Release|Any CPU.Build.0 = Release|Any CPU
		{F701D5C4-45DE-47F7-BCB1-BF2217614EFD}.Debug|Any CPU.ActiveCfg = Debug|Any CPU
		{F701D5C4-45DE-47F7-BCB1-BF2217614EFD}.Debug|Any CPU.Build.0 = Debug|Any CPU
		{F701D5C4-45DE-47F7-BCB1-BF2217614EFD}.Release|Any CPU.ActiveCfg = Release|Any CPU
		{F701D5C4-45DE-47F7-BCB1-BF2217614EFD}.Release|Any CPU.Build.0 = Release|Any CPU
		{EEE08AEC-5BB2-45C6-A45C-F15C1712E054}.Debug|Any CPU.ActiveCfg = Debug|Any CPU
		{EEE08AEC-5BB2-45C6-A45C-F15C1712E054}.Debug|Any CPU.Build.0 = Debug|Any CPU
		{EEE08AEC-5BB2-45C6-A45C-F15C1712E054}.Release|Any CPU.ActiveCfg = Release|Any CPU
		{EEE08AEC-5BB2-45C6-A45C-F15C1712E054}.Release|Any CPU.Build.0 = Release|Any CPU
	EndGlobalSection
	GlobalSection(SolutionProperties) = preSolution
		HideSolutionNode = FALSE
	EndGlobalSection
	GlobalSection(ExtensibilityGlobals) = postSolution
		SolutionGuid = {A53403DA-F61D-4159-968E-6B582D09FE61}
	EndGlobalSection
EndGlobal
